// !$*UTF8*$!
{
	archiveVersion = 1;
	classes = {
	};
	objectVersion = 55;
	objects = {

/* Begin PBXBuildFile section */
		3AD0E69127E1AEC900FF9006 /* AppDelegate.swift in Sources */ = {isa = PBXBuildFile; fileRef = 3AD0E69027E1AEC900FF9006 /* AppDelegate.swift */; };
		3AD0E69527E1AEC900FF9006 /* LoginViewController.swift in Sources */ = {isa = PBXBuildFile; fileRef = 3AD0E69427E1AEC900FF9006 /* LoginViewController.swift */; };
		3AD0E69827E1AEC900FF9006 /* Main.storyboard in Resources */ = {isa = PBXBuildFile; fileRef = 3AD0E69627E1AEC900FF9006 /* Main.storyboard */; };
		3AD0E69A27E1AECE00FF9006 /* Assets.xcassets in Resources */ = {isa = PBXBuildFile; fileRef = 3AD0E69927E1AECE00FF9006 /* Assets.xcassets */; };
		3AD0E69D27E1AECE00FF9006 /* LaunchScreen.storyboard in Resources */ = {isa = PBXBuildFile; fileRef = 3AD0E69B27E1AECE00FF9006 /* LaunchScreen.storyboard */; };
		3AD0E6A527E1B65A00FF9006 /* ProfileViewController.swift in Sources */ = {isa = PBXBuildFile; fileRef = 3AD0E6A427E1B65A00FF9006 /* ProfileViewController.swift */; };
		3AD0E6A727E1B66B00FF9006 /* HomeViewController.swift in Sources */ = {isa = PBXBuildFile; fileRef = 3AD0E6A627E1B66B00FF9006 /* HomeViewController.swift */; };
		3AD0E6AB27E1B69600FF9006 /* BaseResponseModel.swift in Sources */ = {isa = PBXBuildFile; fileRef = 3AD0E6AA27E1B69600FF9006 /* BaseResponseModel.swift */; };
		3AD0E6AD27E1C46C00FF9006 /* TabbarViewController.swift in Sources */ = {isa = PBXBuildFile; fileRef = 3AD0E6AC27E1C46C00FF9006 /* TabbarViewController.swift */; };
		7D88C36C84930108C689C9BB /* Pods_Practical_TheThetaLab.framework in Frameworks */ = {isa = PBXBuildFile; fileRef = A7B79EFAA28CA1F295FBC354 /* Pods_Practical_TheThetaLab.framework */; };
/* End PBXBuildFile section */

/* Begin PBXFileReference section */
		187A9F042998E42C684E1B31 /* Pods-Practical_TheThetaLab.release.xcconfig */ = {isa = PBXFileReference; includeInIndex = 1; lastKnownFileType = text.xcconfig; name = "Pods-Practical_TheThetaLab.release.xcconfig"; path = "Target Support Files/Pods-Practical_TheThetaLab/Pods-Practical_TheThetaLab.release.xcconfig"; sourceTree = "<group>"; };
		3AD0E68D27E1AEC900FF9006 /* Practical_TheThetaLab.app */ = {isa = PBXFileReference; explicitFileType = wrapper.application; includeInIndex = 0; path = Practical_TheThetaLab.app; sourceTree = BUILT_PRODUCTS_DIR; };
		3AD0E69027E1AEC900FF9006 /* AppDelegate.swift */ = {isa = PBXFileReference; lastKnownFileType = sourcecode.swift; path = AppDelegate.swift; sourceTree = "<group>"; };
		3AD0E69427E1AEC900FF9006 /* LoginViewController.swift */ = {isa = PBXFileReference; lastKnownFileType = sourcecode.swift; path = LoginViewController.swift; sourceTree = "<group>"; };
		3AD0E69727E1AEC900FF9006 /* Base */ = {isa = PBXFileReference; lastKnownFileType = file.storyboard; name = Base; path = Base.lproj/Main.storyboard; sourceTree = "<group>"; };
		3AD0E69927E1AECE00FF9006 /* Assets.xcassets */ = {isa = PBXFileReference; lastKnownFileType = folder.assetcatalog; path = Assets.xcassets; sourceTree = "<group>"; };
		3AD0E69C27E1AECE00FF9006 /* Base */ = {isa = PBXFileReference; lastKnownFileType = file.storyboard; name = Base; path = Base.lproj/LaunchScreen.storyboard; sourceTree = "<group>"; };
		3AD0E69E27E1AECE00FF9006 /* Info.plist */ = {isa = PBXFileReference; lastKnownFileType = text.plist.xml; path = Info.plist; sourceTree = "<group>"; };
		3AD0E6A427E1B65A00FF9006 /* ProfileViewController.swift */ = {isa = PBXFileReference; lastKnownFileType = sourcecode.swift; path = ProfileViewController.swift; sourceTree = "<group>"; };
		3AD0E6A627E1B66B00FF9006 /* HomeViewController.swift */ = {isa = PBXFileReference; lastKnownFileType = sourcecode.swift; path = HomeViewController.swift; sourceTree = "<group>"; };
		3AD0E6AA27E1B69600FF9006 /* BaseResponseModel.swift */ = {isa = PBXFileReference; fileEncoding = 4; lastKnownFileType = sourcecode.swift; path = BaseResponseModel.swift; sourceTree = "<group>"; };
		3AD0E6AC27E1C46C00FF9006 /* TabbarViewController.swift */ = {isa = PBXFileReference; lastKnownFileType = sourcecode.swift; path = TabbarViewController.swift; sourceTree = "<group>"; };
		A7B79EFAA28CA1F295FBC354 /* Pods_Practical_TheThetaLab.framework */ = {isa = PBXFileReference; explicitFileType = wrapper.framework; includeInIndex = 0; path = Pods_Practical_TheThetaLab.framework; sourceTree = BUILT_PRODUCTS_DIR; };
		F020C3EA53C7A5240898A812 /* Pods-Practical_TheThetaLab.debug.xcconfig */ = {isa = PBXFileReference; includeInIndex = 1; lastKnownFileType = text.xcconfig; name = "Pods-Practical_TheThetaLab.debug.xcconfig"; path = "Target Support Files/Pods-Practical_TheThetaLab/Pods-Practical_TheThetaLab.debug.xcconfig"; sourceTree = "<group>"; };
/* End PBXFileReference section */

/* Begin PBXFrameworksBuildPhase section */
		3AD0E68A27E1AEC900FF9006 /* Frameworks */ = {
			isa = PBXFrameworksBuildPhase;
			buildActionMask = 2147483647;
			files = (
				7D88C36C84930108C689C9BB /* Pods_Practical_TheThetaLab.framework in Frameworks */,
			);
			runOnlyForDeploymentPostprocessing = 0;
		};
/* End PBXFrameworksBuildPhase section */

/* Begin PBXGroup section */
		3AD0E68427E1AEC900FF9006 = {
			isa = PBXGroup;
			children = (
				3AD0E68F27E1AEC900FF9006 /* Practical_TheThetaLab */,
				3AD0E68E27E1AEC900FF9006 /* Products */,
				41FA3A6DEF0DD2A6C9AF2930 /* Pods */,
				75B3A768E727A48226037CB1 /* Frameworks */,
			);
			sourceTree = "<group>";
		};
		3AD0E68E27E1AEC900FF9006 /* Products */ = {
			isa = PBXGroup;
			children = (
				3AD0E68D27E1AEC900FF9006 /* Practical_TheThetaLab.app */,
			);
			name = Products;
			sourceTree = "<group>";
		};
		3AD0E68F27E1AEC900FF9006 /* Practical_TheThetaLab */ = {
			isa = PBXGroup;
			children = (
				3AD0E69027E1AEC900FF9006 /* AppDelegate.swift */,
				3AD0E6A927E1B69600FF9006 /* Model */,
				3AD0E6A827E1B67100FF9006 /* View Controller */,
				3AD0E69627E1AEC900FF9006 /* Main.storyboard */,
				3AD0E69927E1AECE00FF9006 /* Assets.xcassets */,
				3AD0E69B27E1AECE00FF9006 /* LaunchScreen.storyboard */,
				3AD0E69E27E1AECE00FF9006 /* Info.plist */,
			);
			path = Practical_TheThetaLab;
			sourceTree = "<group>";
		};
		3AD0E6A827E1B67100FF9006 /* View Controller */ = {
			isa = PBXGroup;
			children = (
				3AD0E69427E1AEC900FF9006 /* LoginViewController.swift */,
				3AD0E6AC27E1C46C00FF9006 /* TabbarViewController.swift */,
				3AD0E6A627E1B66B00FF9006 /* HomeViewController.swift */,
				3AD0E6A427E1B65A00FF9006 /* ProfileViewController.swift */,
			);
			path = "View Controller";
			sourceTree = "<group>";
		};
		3AD0E6A927E1B69600FF9006 /* Model */ = {
			isa = PBXGroup;
			children = (
				3AD0E6AA27E1B69600FF9006 /* BaseResponseModel.swift */,
			);
			path = Model;
			sourceTree = "<group>";
		};
		41FA3A6DEF0DD2A6C9AF2930 /* Pods */ = {
			isa = PBXGroup;
			children = (
				F020C3EA53C7A5240898A812 /* Pods-Practical_TheThetaLab.debug.xcconfig */,
				187A9F042998E42C684E1B31 /* Pods-Practical_TheThetaLab.release.xcconfig */,
			);
			path = Pods;
			sourceTree = "<group>";
		};
		75B3A768E727A48226037CB1 /* Frameworks */ = {
			isa = PBXGroup;
			children = (
				A7B79EFAA28CA1F295FBC354 /* Pods_Practical_TheThetaLab.framework */,
			);
			name = Frameworks;
			sourceTree = "<group>";
		};
/* End PBXGroup section */

/* Begin PBXNativeTarget section */
		3AD0E68C27E1AEC900FF9006 /* Practical_TheThetaLab */ = {
			isa = PBXNativeTarget;
			buildConfigurationList = 3AD0E6A127E1AECE00FF9006 /* Build configuration list for PBXNativeTarget "Practical_TheThetaLab" */;
			buildPhases = (
				A3493A1A002F47DD14E735BA /* [CP] Check Pods Manifest.lock */,
				3AD0E68927E1AEC900FF9006 /* Sources */,
				3AD0E68A27E1AEC900FF9006 /* Frameworks */,
				3AD0E68B27E1AEC900FF9006 /* Resources */,
				5F37632FABEBA98FB96FA119 /* [CP] Embed Pods Frameworks */,
			);
			buildRules = (
			);
			dependencies = (
			);
			name = Practical_TheThetaLab;
			productName = Practical_TheThetaLab;
			productReference = 3AD0E68D27E1AEC900FF9006 /* Practical_TheThetaLab.app */;
			productType = "com.apple.product-type.application";
		};
/* End PBXNativeTarget section */

/* Begin PBXProject section */
		3AD0E68527E1AEC900FF9006 /* Project object */ = {
			isa = PBXProject;
			attributes = {
				BuildIndependentTargetsInParallel = 1;
				LastSwiftUpdateCheck = 1310;
				LastUpgradeCheck = 1310;
				TargetAttributes = {
					3AD0E68C27E1AEC900FF9006 = {
						CreatedOnToolsVersion = 13.1;
					};
				};
			};
			buildConfigurationList = 3AD0E68827E1AEC900FF9006 /* Build configuration list for PBXProject "Practical_TheThetaLab" */;
			compatibilityVersion = "Xcode 13.0";
			developmentRegion = en;
			hasScannedForEncodings = 0;
			knownRegions = (
				en,
				Base,
			);
			mainGroup = 3AD0E68427E1AEC900FF9006;
			productRefGroup = 3AD0E68E27E1AEC900FF9006 /* Products */;
			projectDirPath = "";
			projectRoot = "";
			targets = (
				3AD0E68C27E1AEC900FF9006 /* Practical_TheThetaLab */,
			);
		};
/* End PBXProject section */

/* Begin PBXResourcesBuildPhase section */
		3AD0E68B27E1AEC900FF9006 /* Resources */ = {
			isa = PBXResourcesBuildPhase;
			buildActionMask = 2147483647;
			files = (
				3AD0E69D27E1AECE00FF9006 /* LaunchScreen.storyboard in Resources */,
				3AD0E69A27E1AECE00FF9006 /* Assets.xcassets in Resources */,
				3AD0E69827E1AEC900FF9006 /* Main.storyboard in Resources */,
			);
			runOnlyForDeploymentPostprocessing = 0;
		};
/* End PBXResourcesBuildPhase section */

/* Begin PBXShellScriptBuildPhase section */
		5F37632FABEBA98FB96FA119 /* [CP] Embed Pods Frameworks */ = {
			isa = PBXShellScriptBuildPhase;
			buildActionMask = 2147483647;
			files = (
			);
			inputFileListPaths = (
				"${PODS_ROOT}/Target Support Files/Pods-Practical_TheThetaLab/Pods-Practical_TheThetaLab-frameworks-${CONFIGURATION}-input-files.xcfilelist",
			);
			name = "[CP] Embed Pods Frameworks";
			outputFileListPaths = (
				"${PODS_ROOT}/Target Support Files/Pods-Practical_TheThetaLab/Pods-Practical_TheThetaLab-frameworks-${CONFIGURATION}-output-files.xcfilelist",
			);
			runOnlyForDeploymentPostprocessing = 0;
			shellPath = /bin/sh;
			shellScript = "\"${PODS_ROOT}/Target Support Files/Pods-Practical_TheThetaLab/Pods-Practical_TheThetaLab-frameworks.sh\"\n";
			showEnvVarsInLog = 0;
		};
		A3493A1A002F47DD14E735BA /* [CP] Check Pods Manifest.lock */ = {
			isa = PBXShellScriptBuildPhase;
			buildActionMask = 2147483647;
			files = (
			);
			inputFileListPaths = (
			);
			inputPaths = (
				"${PODS_PODFILE_DIR_PATH}/Podfile.lock",
				"${PODS_ROOT}/Manifest.lock",
			);
			name = "[CP] Check Pods Manifest.lock";
			outputFileListPaths = (
			);
			outputPaths = (
				"$(DERIVED_FILE_DIR)/Pods-Practical_TheThetaLab-checkManifestLockResult.txt",
			);
			runOnlyForDeploymentPostprocessing = 0;
			shellPath = /bin/sh;
			shellScript = "diff \"${PODS_PODFILE_DIR_PATH}/Podfile.lock\" \"${PODS_ROOT}/Manifest.lock\" > /dev/null\nif [ $? != 0 ] ; then\n    # print error to STDERR\n    echo \"error: The sandbox is not in sync with the Podfile.lock. Run 'pod install' or update your CocoaPods installation.\" >&2\n    exit 1\nfi\n# This output is used by Xcode 'outputs' to avoid re-running this script phase.\necho \"SUCCESS\" > \"${SCRIPT_OUTPUT_FILE_0}\"\n";
			showEnvVarsInLog = 0;
		};
/* End PBXShellScriptBuildPhase section */

/* Begin PBXSourcesBuildPhase section */
		3AD0E68927E1AEC900FF9006 /* Sources */ = {
			isa = PBXSourcesBuildPhase;
			buildActionMask = 2147483647;
			files = (
				3AD0E6A727E1B66B00FF9006 /* HomeViewController.swift in Sources */,
				3AD0E69527E1AEC900FF9006 /* LoginViewController.swift in Sources */,
				3AD0E6AD27E1C46C00FF9006 /* TabbarViewController.swift in Sources */,
				3AD0E69127E1AEC900FF9006 /* AppDelegate.swift in Sources */,
				3AD0E6AB27E1B69600FF9006 /* BaseResponseModel.swift in Sources */,
				3AD0E6A527E1B65A00FF9006 /* ProfileViewController.swift in Sources */,
			);
			runOnlyForDeploymentPostprocessing = 0;
		};
/* End PBXSourcesBuildPhase section */

/* Begin PBXVariantGroup section */
		3AD0E69627E1AEC900FF9006 /* Main.storyboard */ = {
			isa = PBXVariantGroup;
			children = (
				3AD0E69727E1AEC900FF9006 /* Base */,
			);
			name = Main.storyboard;
			sourceTree = "<group>";
		};
		3AD0E69B27E1AECE00FF9006 /* LaunchScreen.storyboard */ = {
			isa = PBXVariantGroup;
			children = (
				3AD0E69C27E1AECE00FF9006 /* Base */,
			);
			name = LaunchScreen.storyboard;
			sourceTree = "<group>";
		};
/* End PBXVariantGroup section */

/* Begin XCBuildConfiguration section */
		3AD0E69F27E1AECE00FF9006 /* Debug */ = {
			isa = XCBuildConfiguration;
			buildSettings = {
				ALWAYS_SEARCH_USER_PATHS = NO;
				CLANG_ANALYZER_NONNULL = YES;
				CLANG_ANALYZER_NUMBER_OBJECT_CONVERSION = YES_AGGRESSIVE;
				CLANG_CXX_LANGUAGE_STANDARD = "gnu++17";
				CLANG_CXX_LIBRARY = "libc++";
				CLANG_ENABLE_MODULES = YES;
				CLANG_ENABLE_OBJC_ARC = YES;
				CLANG_ENABLE_OBJC_WEAK = YES;
				CLANG_WARN_BLOCK_CAPTURE_AUTORELEASING = YES;
				CLANG_WARN_BOOL_CONVERSION = YES;
				CLANG_WARN_COMMA = YES;
				CLANG_WARN_CONSTANT_CONVERSION = YES;
				CLANG_WARN_DEPRECATED_OBJC_IMPLEMENTATIONS = YES;
				CLANG_WARN_DIRECT_OBJC_ISA_USAGE = YES_ERROR;
				CLANG_WARN_DOCUMENTATION_COMMENTS = YES;
				CLANG_WARN_EMPTY_BODY = YES;
				CLANG_WARN_ENUM_CONVERSION = YES;
				CLANG_WARN_INFINITE_RECURSION = YES;
				CLANG_WARN_INT_CONVERSION = YES;
				CLANG_WARN_NON_LITERAL_NULL_CONVERSION = YES;
				CLANG_WARN_OBJC_IMPLICIT_RETAIN_SELF = YES;
				CLANG_WARN_OBJC_LITERAL_CONVERSION = YES;
				CLANG_WARN_OBJC_ROOT_CLASS = YES_ERROR;
				CLANG_WARN_QUOTED_INCLUDE_IN_FRAMEWORK_HEADER = YES;
				CLANG_WARN_RANGE_LOOP_ANALYSIS = YES;
				CLANG_WARN_STRICT_PROTOTYPES = YES;
				CLANG_WARN_SUSPICIOUS_MOVE = YES;
				CLANG_WARN_UNGUARDED_AVAILABILITY = YES_AGGRESSIVE;
				CLANG_WARN_UNREACHABLE_CODE = YES;
				CLANG_WARN__DUPLICATE_METHOD_MATCH = YES;
				COPY_PHASE_STRIP = NO;
				DEBUG_INFORMATION_FORMAT = dwarf;
				ENABLE_STRICT_OBJC_MSGSEND = YES;
				ENABLE_TESTABILITY = YES;
				GCC_C_LANGUAGE_STANDARD = gnu11;
				GCC_DYNAMIC_NO_PIC = NO;
				GCC_NO_COMMON_BLOCKS = YES;
				GCC_OPTIMIZATION_LEVEL = 0;
				GCC_PREPROCESSOR_DEFINITIONS = (
					"DEBUG=1",
					"$(inherited)",
				);
				GCC_WARN_64_TO_32_BIT_CONVERSION = YES;
				GCC_WARN_ABOUT_RETURN_TYPE = YES_ERROR;
				GCC_WARN_UNDECLARED_SELECTOR = YES;
				GCC_WARN_UNINITIALIZED_AUTOS = YES_AGGRESSIVE;
				GCC_WARN_UNUSED_FUNCTION = YES;
				GCC_WARN_UNUSED_VARIABLE = YES;
				IPHONEOS_DEPLOYMENT_TARGET = 13.0;
				MTL_ENABLE_DEBUG_INFO = INCLUDE_SOURCE;
				MTL_FAST_MATH = YES;
				ONLY_ACTIVE_ARCH = YES;
				SDKROOT = iphoneos;
				SWIFT_ACTIVE_COMPILATION_CONDITIONS = DEBUG;
				SWIFT_OPTIMIZATION_LEVEL = "-Onone";
			};
			name = Debug;
		};
		3AD0E6A027E1AECE00FF9006 /* Release */ = {
			isa = XCBuildConfiguration;
			buildSettings = {
				ALWAYS_SEARCH_USER_PATHS = NO;
				CLANG_ANALYZER_NONNULL = YES;
				CLANG_ANALYZER_NUMBER_OBJECT_CONVERSION = YES_AGGRESSIVE;
				CLANG_CXX_LANGUAGE_STANDARD = "gnu++17";
				CLANG_CXX_LIBRARY = "libc++";
				CLANG_ENABLE_MODULES = YES;
				CLANG_ENABLE_OBJC_ARC = YES;
				CLANG_ENABLE_OBJC_WEAK = YES;
				CLANG_WARN_BLOCK_CAPTURE_AUTORELEASING = YES;
				CLANG_WARN_BOOL_CONVERSION = YES;
				CLANG_WARN_COMMA = YES;
				CLANG_WARN_CONSTANT_CONVERSION = YES;
				CLANG_WARN_DEPRECATED_OBJC_IMPLEMENTATIONS = YES;
				CLANG_WARN_DIRECT_OBJC_ISA_USAGE = YES_ERROR;
				CLANG_WARN_DOCUMENTATION_COMMENTS = YES;
				CLANG_WARN_EMPTY_BODY = YES;
				CLANG_WARN_ENUM_CONVERSION = YES;
				CLANG_WARN_INFINITE_RECURSION = YES;
				CLANG_WARN_INT_CONVERSION = YES;
				CLANG_WARN_NON_LITERAL_NULL_CONVERSION = YES;
				CLANG_WARN_OBJC_IMPLICIT_RETAIN_SELF = YES;
				CLANG_WARN_OBJC_LITERAL_CONVERSION = YES;
				CLANG_WARN_OBJC_ROOT_CLASS = YES_ERROR;
				CLANG_WARN_QUOTED_INCLUDE_IN_FRAMEWORK_HEADER = YES;
				CLANG_WARN_RANGE_LOOP_ANALYSIS = YES;
				CLANG_WARN_STRICT_PROTOTYPES = YES;
				CLANG_WARN_SUSPICIOUS_MOVE = YES;
				CLANG_WARN_UNGUARDED_AVAILABILITY = YES_AGGRESSIVE;
				CLANG_WARN_UNREACHABLE_CODE = YES;
				CLANG_WARN__DUPLICATE_METHOD_MATCH = YES;
				COPY_PHASE_STRIP = NO;
				DEBUG_INFORMATION_FORMAT = "dwarf-with-dsym";
				ENABLE_NS_ASSERTIONS = NO;
				ENABLE_STRICT_OBJC_MSGSEND = YES;
				GCC_C_LANGUAGE_STANDARD = gnu11;
				GCC_NO_COMMON_BLOCKS = YES;
				GCC_WARN_64_TO_32_BIT_CONVERSION = YES;
				GCC_WARN_ABOUT_RETURN_TYPE = YES_ERROR;
				GCC_WARN_UNDECLARED_SELECTOR = YES;
				GCC_WARN_UNINITIALIZED_AUTOS = YES_AGGRESSIVE;
				GCC_WARN_UNUSED_FUNCTION = YES;
				GCC_WARN_UNUSED_VARIABLE = YES;
				IPHONEOS_DEPLOYMENT_TARGET = 13.0;
				MTL_ENABLE_DEBUG_INFO = NO;
				MTL_FAST_MATH = YES;
				SDKROOT = iphoneos;
				SWIFT_COMPILATION_MODE = wholemodule;
				SWIFT_OPTIMIZATION_LEVEL = "-O";
				VALIDATE_PRODUCT = YES;
			};
			name = Release;
		};
		3AD0E6A227E1AECE00FF9006 /* Debug */ = {
			isa = XCBuildConfiguration;
			baseConfigurationReference = F020C3EA53C7A5240898A812 /* Pods-Practical_TheThetaLab.debug.xcconfig */;
			buildSettings = {
				ASSETCATALOG_COMPILER_APPICON_NAME = AppIcon;
				ASSETCATALOG_COMPILER_GLOBAL_ACCENT_COLOR_NAME = AccentColor;
				CODE_SIGN_STYLE = Automatic;
				CURRENT_PROJECT_VERSION = 1;
				GENERATE_INFOPLIST_FILE = YES;
				INFOPLIST_FILE = Practical_TheThetaLab/Info.plist;
				INFOPLIST_KEY_UIApplicationSupportsIndirectInputEvents = YES;
				INFOPLIST_KEY_UILaunchStoryboardName = LaunchScreen;
				INFOPLIST_KEY_UIMainStoryboardFile = Main;
				INFOPLIST_KEY_UISupportedInterfaceOrientations = UIInterfaceOrientationPortrait;
				INFOPLIST_KEY_UISupportedInterfaceOrientations_iPad = "UIInterfaceOrientationPortrait UIInterfaceOrientationPortraitUpsideDown UIInterfaceOrientationLandscapeLeft UIInterfaceOrientationLandscapeRight";
				INFOPLIST_KEY_UISupportedInterfaceOrientations_iPhone = "UIInterfaceOrientationPortrait UIInterfaceOrientationLandscapeLeft UIInterfaceOrientationLandscapeRight";
				IPHONEOS_DEPLOYMENT_TARGET = 13.0;
				LD_RUNPATH_SEARCH_PATHS = (
					"$(inherited)",
					"@executable_path/Frameworks",
				);
				MARKETING_VERSION = 1.0;
				PRODUCT_BUNDLE_IDENTIFIER = "com.practicaltest.Practical-TheThetaLab";
				PRODUCT_NAME = "$(TARGET_NAME)";
				SWIFT_EMIT_LOC_STRINGS = YES;
				SWIFT_VERSION = 5.0;
				TARGETED_DEVICE_FAMILY = 1;
			};
			name = Debug;
		};
		3AD0E6A327E1AECE00FF9006 /* Release */ = {
			isa = XCBuildConfiguration;
			baseConfigurationReference = 187A9F042998E42C684E1B31 /* Pods-Practical_TheThetaLab.release.xcconfig */;
			buildSettings = {
				ASSETCATALOG_COMPILER_APPICON_NAME = AppIcon;
				ASSETCATALOG_COMPILER_GLOBAL_ACCENT_COLOR_NAME = AccentColor;
				CODE_SIGN_STYLE = Automatic;
				CURRENT_PROJECT_VERSION = 1;
				GENERATE_INFOPLIST_FILE = YES;
				INFOPLIST_FILE = Practical_TheThetaLab/Info.plist;
				INFOPLIST_KEY_UIApplicationSupportsIndirectInputEvents = YES;
				INFOPLIST_KEY_UILaunchStoryboardName = LaunchScreen;
				INFOPLIST_KEY_UIMainStoryboardFile = Main;
				INFOPLIST_KEY_UISupportedInterfaceOrientations = UIInterfaceOrientationPortrait;
				INFOPLIST_KEY_UISupportedInterfaceOrientations_iPad = "UIInterfaceOrientationPortrait UIInterfaceOrientationPortraitUpsideDown UIInterfaceOrientationLandscapeLeft UIInterfaceOrientationLandscapeRight";
				INFOPLIST_KEY_UISupportedInterfaceOrientations_iPhone = "UIInterfaceOrientationPortrait UIInterfaceOrientationLandscapeLeft UIInterfaceOrientationLandscapeRight";
				IPHONEOS_DEPLOYMENT_TARGET = 13.0;
				LD_RUNPATH_SEARCH_PATHS = (
					"$(inherited)",
					"@executable_path/Frameworks",
				);
				MARKETING_VERSION = 1.0;
				PRODUCT_BUNDLE_IDENTIFIER = "com.practicaltest.Practical-TheThetaLab";
				PRODUCT_NAME = "$(TARGET_NAME)";
				SWIFT_EMIT_LOC_STRINGS = YES;
				SWIFT_VERSION = 5.0;
				TARGETED_DEVICE_FAMILY = 1;
			};
			name = Release;
		};
/* End XCBuildConfiguration section */

/* Begin XCConfigurationList section */
		3AD0E68827E1AEC900FF9006 /* Build configuration list for PBXProject "Practical_TheThetaLab" */ = {
			isa = XCConfigurationList;
			buildConfigurations = (
				3AD0E69F27E1AECE00FF9006 /* Debug */,
				3AD0E6A027E1AECE00FF9006 /* Release */,
			);
			defaultConfigurationIsVisible = 0;
			defaultConfigurationName = Release;
		};
		3AD0E6A127E1AECE00FF9006 /* Build configuration list for PBXNativeTarget "Practical_TheThetaLab" */ = {
			isa = XCConfigurationList;
			buildConfigurations = (
				3AD0E6A227E1AECE00FF9006 /* Debug */,
				3AD0E6A327E1AECE00FF9006 /* Release */,
			);
			defaultConfigurationIsVisible = 0;
			defaultConfigurationName = Release;
		};
/* End XCConfigurationList section */
	};
	rootObject = 3AD0E68527E1AEC900FF9006 /* Project object */;
}
